// !$*UTF8*$!
{
	archiveVersion = 1;
	classes = {
	};
	objectVersion = 56;
	objects = {

/* Begin PBXBuildFile section */
		ED07439B295C9D6300E8F96C /* AppDelegate.swift in Sources */ = {isa = PBXBuildFile; fileRef = ED07439A295C9D6300E8F96C /* AppDelegate.swift */; };
		ED07439F295C9D6300E8F96C /* RocketViewController.swift in Sources */ = {isa = PBXBuildFile; fileRef = ED07439E295C9D6300E8F96C /* RocketViewController.swift */; };
		ED0743A4295C9D6400E8F96C /* Assets.xcassets in Resources */ = {isa = PBXBuildFile; fileRef = ED0743A3295C9D6400E8F96C /* Assets.xcassets */; };
		ED0743A7295C9D6400E8F96C /* LaunchScreen.storyboard in Resources */ = {isa = PBXBuildFile; fileRef = ED0743A5295C9D6400E8F96C /* LaunchScreen.storyboard */; };
		ED0743B4295CAFD900E8F96C /* Rocket.swift in Sources */ = {isa = PBXBuildFile; fileRef = ED0743B3295CAFD900E8F96C /* Rocket.swift */; };
		ED0743BB295CB90B00E8F96C /* Assembly.swift in Sources */ = {isa = PBXBuildFile; fileRef = ED0743BA295CB90B00E8F96C /* Assembly.swift */; };
		ED0743BD295CB94400E8F96C /* Router.swift in Sources */ = {isa = PBXBuildFile; fileRef = ED0743BC295CB94400E8F96C /* Router.swift */; };
		ED0743BF295CC31D00E8F96C /* RocketPresenter.swift in Sources */ = {isa = PBXBuildFile; fileRef = ED0743BE295CC31D00E8F96C /* RocketPresenter.swift */; };
		ED225DD8295E6A3800A53F2E /* NetworkService.swift in Sources */ = {isa = PBXBuildFile; fileRef = ED225DD7295E6A3800A53F2E /* NetworkService.swift */; };
		ED225DDA295E6A8700A53F2E /* Links.swift in Sources */ = {isa = PBXBuildFile; fileRef = ED225DD9295E6A8700A53F2E /* Links.swift */; };
		ED970A71295E88FB001048ED /* LaunchPresenter.swift in Sources */ = {isa = PBXBuildFile; fileRef = ED970A70295E88FB001048ED /* LaunchPresenter.swift */; };
		ED970A73295E892E001048ED /* Launch.swift in Sources */ = {isa = PBXBuildFile; fileRef = ED970A72295E892E001048ED /* Launch.swift */; };
		ED970A75295F01CE001048ED /* LaunchViewController.swift in Sources */ = {isa = PBXBuildFile; fileRef = ED970A74295F01CE001048ED /* LaunchViewController.swift */; };
		ED970A77296357B2001048ED /* MainPageViewController.swift in Sources */ = {isa = PBXBuildFile; fileRef = ED970A76296357B2001048ED /* MainPageViewController.swift */; };
		ED970A7F29638992001048ED /* PageControlPresenter.swift in Sources */ = {isa = PBXBuildFile; fileRef = ED970A7E29638992001048ED /* PageControlPresenter.swift */; };
		ED970A842964393D001048ED /* RealmManager.swift in Sources */ = {isa = PBXBuildFile; fileRef = ED970A832964393D001048ED /* RealmManager.swift */; };
		ED970A8729643AC2001048ED /* Realm in Frameworks */ = {isa = PBXBuildFile; productRef = ED970A8629643AC2001048ED /* Realm */; };
		ED970A8929643AC2001048ED /* RealmSwift in Frameworks */ = {isa = PBXBuildFile; productRef = ED970A8829643AC2001048ED /* RealmSwift */; };
		ED970A8B29643D13001048ED /* RealmRocket.swift in Sources */ = {isa = PBXBuildFile; fileRef = ED970A8A29643D13001048ED /* RealmRocket.swift */; };
/* End PBXBuildFile section */

/* Begin PBXFileReference section */
		ED074397295C9D6300E8F96C /* Spacera.app */ = {isa = PBXFileReference; explicitFileType = wrapper.application; includeInIndex = 0; path = Spacera.app; sourceTree = BUILT_PRODUCTS_DIR; };
		ED07439A295C9D6300E8F96C /* AppDelegate.swift */ = {isa = PBXFileReference; lastKnownFileType = sourcecode.swift; path = AppDelegate.swift; sourceTree = "<group>"; };
		ED07439E295C9D6300E8F96C /* RocketViewController.swift */ = {isa = PBXFileReference; lastKnownFileType = sourcecode.swift; path = RocketViewController.swift; sourceTree = "<group>"; };
		ED0743A3295C9D6400E8F96C /* Assets.xcassets */ = {isa = PBXFileReference; lastKnownFileType = folder.assetcatalog; path = Assets.xcassets; sourceTree = "<group>"; };
		ED0743A6295C9D6400E8F96C /* Base */ = {isa = PBXFileReference; lastKnownFileType = file.storyboard; name = Base; path = Base.lproj/LaunchScreen.storyboard; sourceTree = "<group>"; };
		ED0743A8295C9D6400E8F96C /* Info.plist */ = {isa = PBXFileReference; lastKnownFileType = text.plist.xml; path = Info.plist; sourceTree = "<group>"; };
		ED0743B3295CAFD900E8F96C /* Rocket.swift */ = {isa = PBXFileReference; lastKnownFileType = sourcecode.swift; path = Rocket.swift; sourceTree = "<group>"; };
		ED0743BA295CB90B00E8F96C /* Assembly.swift */ = {isa = PBXFileReference; lastKnownFileType = sourcecode.swift; path = Assembly.swift; sourceTree = "<group>"; };
		ED0743BC295CB94400E8F96C /* Router.swift */ = {isa = PBXFileReference; lastKnownFileType = sourcecode.swift; path = Router.swift; sourceTree = "<group>"; };
		ED0743BE295CC31D00E8F96C /* RocketPresenter.swift */ = {isa = PBXFileReference; lastKnownFileType = sourcecode.swift; path = RocketPresenter.swift; sourceTree = "<group>"; };
		ED225DD7295E6A3800A53F2E /* NetworkService.swift */ = {isa = PBXFileReference; lastKnownFileType = sourcecode.swift; path = NetworkService.swift; sourceTree = "<group>"; };
		ED225DD9295E6A8700A53F2E /* Links.swift */ = {isa = PBXFileReference; lastKnownFileType = sourcecode.swift; path = Links.swift; sourceTree = "<group>"; };
		ED970A70295E88FB001048ED /* LaunchPresenter.swift */ = {isa = PBXFileReference; lastKnownFileType = sourcecode.swift; name = LaunchPresenter.swift; path = Spacera/LaunchPresenter.swift; sourceTree = SOURCE_ROOT; };
		ED970A72295E892E001048ED /* Launch.swift */ = {isa = PBXFileReference; lastKnownFileType = sourcecode.swift; path = Launch.swift; sourceTree = "<group>"; };
		ED970A74295F01CE001048ED /* LaunchViewController.swift */ = {isa = PBXFileReference; lastKnownFileType = sourcecode.swift; path = LaunchViewController.swift; sourceTree = "<group>"; };
		ED970A76296357B2001048ED /* MainPageViewController.swift */ = {isa = PBXFileReference; lastKnownFileType = sourcecode.swift; path = MainPageViewController.swift; sourceTree = "<group>"; };
		ED970A7E29638992001048ED /* PageControlPresenter.swift */ = {isa = PBXFileReference; lastKnownFileType = sourcecode.swift; path = PageControlPresenter.swift; sourceTree = "<group>"; };
		ED970A832964393D001048ED /* RealmManager.swift */ = {isa = PBXFileReference; lastKnownFileType = sourcecode.swift; path = RealmManager.swift; sourceTree = "<group>"; };
		ED970A8A29643D13001048ED /* RealmRocket.swift */ = {isa = PBXFileReference; lastKnownFileType = sourcecode.swift; path = RealmRocket.swift; sourceTree = "<group>"; };
/* End PBXFileReference section */

/* Begin PBXFrameworksBuildPhase section */
		ED074394295C9D6300E8F96C /* Frameworks */ = {
			isa = PBXFrameworksBuildPhase;
			buildActionMask = 2147483647;
			files = (
				ED970A8929643AC2001048ED /* RealmSwift in Frameworks */,
				ED970A8729643AC2001048ED /* Realm in Frameworks */,
			);
			runOnlyForDeploymentPostprocessing = 0;
		};
/* End PBXFrameworksBuildPhase section */

/* Begin PBXGroup section */
		ED07438E295C9D6300E8F96C = {
			isa = PBXGroup;
			children = (
				ED074399295C9D6300E8F96C /* Spacera */,
				ED074398295C9D6300E8F96C /* Products */,
			);
			sourceTree = "<group>";
		};
		ED074398295C9D6300E8F96C /* Products */ = {
			isa = PBXGroup;
			children = (
				ED074397295C9D6300E8F96C /* Spacera.app */,
			);
			name = Products;
			sourceTree = "<group>";
		};
		ED074399295C9D6300E8F96C /* Spacera */ = {
			isa = PBXGroup;
			children = (
				ED0743B9295CB8D300E8F96C /* Assembly */,
				ED0743B8295CB8C700E8F96C /* Router */,
				ED970A7829635A1A001048ED /* MainModule */,
				ED0743AE295C9D7200E8F96C /* RocketModule */,
				ED970A6C295E885B001048ED /* LaunchModule */,
				ED0743B0295C9D8900E8F96C /* ServiceLayer */,
				ED0743B2295C9DA600E8F96C /* Application */,
				ED0743B1295C9D9900E8F96C /* Resources */,
			);
			path = Spacera;
			sourceTree = "<group>";
		};
		ED0743AE295C9D7200E8F96C /* RocketModule */ = {
			isa = PBXGroup;
			children = (
				ED0743B5295CAFE800E8F96C /* Model */,
				ED0743B6295CAFF700E8F96C /* View */,
				ED0743B7295CB15B00E8F96C /* Presenter */,
			);
			path = RocketModule;
			sourceTree = "<group>";
		};
		ED0743B0295C9D8900E8F96C /* ServiceLayer */ = {
			isa = PBXGroup;
			children = (
				ED970A82296434AE001048ED /* DataManager */,
				ED970A8029642A46001048ED /* Networking */,
				ED970A8129643478001048ED /* Helpers */,
			);
			path = ServiceLayer;
			sourceTree = "<group>";
		};
		ED0743B1295C9D9900E8F96C /* Resources */ = {
			isa = PBXGroup;
			children = (
				ED0743A3295C9D6400E8F96C /* Assets.xcassets */,
				ED0743A5295C9D6400E8F96C /* LaunchScreen.storyboard */,
				ED0743A8295C9D6400E8F96C /* Info.plist */,
			);
			path = Resources;
			sourceTree = "<group>";
		};
		ED0743B2295C9DA600E8F96C /* Application */ = {
			isa = PBXGroup;
			children = (
				ED07439A295C9D6300E8F96C /* AppDelegate.swift */,
			);
			path = Application;
			sourceTree = "<group>";
		};
		ED0743B5295CAFE800E8F96C /* Model */ = {
			isa = PBXGroup;
			children = (
			);
			path = Model;
			sourceTree = "<group>";
		};
		ED0743B6295CAFF700E8F96C /* View */ = {
			isa = PBXGroup;
			children = (
				ED07439E295C9D6300E8F96C /* RocketViewController.swift */,
			);
			path = View;
			sourceTree = "<group>";
		};
		ED0743B7295CB15B00E8F96C /* Presenter */ = {
			isa = PBXGroup;
			children = (
				ED0743BE295CC31D00E8F96C /* RocketPresenter.swift */,
			);
			path = Presenter;
			sourceTree = "<group>";
		};
		ED0743B8295CB8C700E8F96C /* Router */ = {
			isa = PBXGroup;
			children = (
				ED0743BC295CB94400E8F96C /* Router.swift */,
			);
			path = Router;
			sourceTree = "<group>";
		};
		ED0743B9295CB8D300E8F96C /* Assembly */ = {
			isa = PBXGroup;
			children = (
				ED0743BA295CB90B00E8F96C /* Assembly.swift */,
			);
			path = Assembly;
			sourceTree = "<group>";
		};
		ED970A6C295E885B001048ED /* LaunchModule */ = {
			isa = PBXGroup;
			children = (
				ED970A6D295E8873001048ED /* Model */,
				ED970A6E295E8879001048ED /* View */,
				ED970A6F295E887F001048ED /* Presenter */,
			);
			path = LaunchModule;
			sourceTree = "<group>";
		};
		ED970A6D295E8873001048ED /* Model */ = {
			isa = PBXGroup;
			children = (
				ED970A72295E892E001048ED /* Launch.swift */,
			);
			path = Model;
			sourceTree = "<group>";
		};
		ED970A6E295E8879001048ED /* View */ = {
			isa = PBXGroup;
			children = (
				ED970A74295F01CE001048ED /* LaunchViewController.swift */,
			);
			path = View;
			sourceTree = "<group>";
		};
		ED970A6F295E887F001048ED /* Presenter */ = {
			isa = PBXGroup;
			children = (
				ED970A70295E88FB001048ED /* LaunchPresenter.swift */,
			);
			path = Presenter;
			sourceTree = "<group>";
		};
		ED970A7829635A1A001048ED /* MainModule */ = {
			isa = PBXGroup;
			children = (
				ED970A7A29635A3D001048ED /* Model */,
				ED970A7929635A35001048ED /* View */,
				ED970A7B29635A43001048ED /* Presenter */,
			);
			path = MainModule;
			sourceTree = "<group>";
		};
		ED970A7929635A35001048ED /* View */ = {
			isa = PBXGroup;
			children = (
				ED970A76296357B2001048ED /* MainPageViewController.swift */,
			);
			path = View;
			sourceTree = "<group>";
		};
		ED970A7A29635A3D001048ED /* Model */ = {
			isa = PBXGroup;
			children = (
				ED0743B3295CAFD900E8F96C /* Rocket.swift */,
			);
			path = Model;
			sourceTree = "<group>";
		};
		ED970A7B29635A43001048ED /* Presenter */ = {
			isa = PBXGroup;
			children = (
				ED970A7E29638992001048ED /* PageControlPresenter.swift */,
			);
			path = Presenter;
			sourceTree = "<group>";
		};
		ED970A8029642A46001048ED /* Networking */ = {
			isa = PBXGroup;
			children = (
				ED225DD7295E6A3800A53F2E /* NetworkService.swift */,
			);
			path = Networking;
			sourceTree = "<group>";
		};
		ED970A8129643478001048ED /* Helpers */ = {
			isa = PBXGroup;
			children = (
				ED225DD9295E6A8700A53F2E /* Links.swift */,
			);
			path = Helpers;
			sourceTree = "<group>";
		};
		ED970A82296434AE001048ED /* DataManager */ = {
			isa = PBXGroup;
			children = (
				ED970A832964393D001048ED /* RealmManager.swift */,
				ED970A8A29643D13001048ED /* RealmRocket.swift */,
			);
			path = DataManager;
			sourceTree = "<group>";
		};
/* End PBXGroup section */

/* Begin PBXNativeTarget section */
		ED074396295C9D6300E8F96C /* Spacera */ = {
			isa = PBXNativeTarget;
			buildConfigurationList = ED0743AB295C9D6400E8F96C /* Build configuration list for PBXNativeTarget "Spacera" */;
			buildPhases = (
				ED074393295C9D6300E8F96C /* Sources */,
				ED074394295C9D6300E8F96C /* Frameworks */,
				ED074395295C9D6300E8F96C /* Resources */,
			);
			buildRules = (
			);
			dependencies = (
			);
			name = Spacera;
			packageProductDependencies = (
				ED970A8629643AC2001048ED /* Realm */,
				ED970A8829643AC2001048ED /* RealmSwift */,
			);
			productName = Spacera;
			productReference = ED074397295C9D6300E8F96C /* Spacera.app */;
			productType = "com.apple.product-type.application";
		};
/* End PBXNativeTarget section */

/* Begin PBXProject section */
		ED07438F295C9D6300E8F96C /* Project object */ = {
			isa = PBXProject;
			attributes = {
				BuildIndependentTargetsInParallel = 1;
				LastSwiftUpdateCheck = 1410;
				LastUpgradeCheck = 1410;
				TargetAttributes = {
					ED074396295C9D6300E8F96C = {
						CreatedOnToolsVersion = 14.1;
					};
				};
			};
			buildConfigurationList = ED074392295C9D6300E8F96C /* Build configuration list for PBXProject "Spacera" */;
			compatibilityVersion = "Xcode 14.0";
			developmentRegion = en;
			hasScannedForEncodings = 0;
			knownRegions = (
				en,
				Base,
			);
			mainGroup = ED07438E295C9D6300E8F96C;
			packageReferences = (
				ED970A8529643AC2001048ED /* XCRemoteSwiftPackageReference "realm-swift" */,
			);
			productRefGroup = ED074398295C9D6300E8F96C /* Products */;
			projectDirPath = "";
			projectRoot = "";
			targets = (
				ED074396295C9D6300E8F96C /* Spacera */,
			);
		};
/* End PBXProject section */

/* Begin PBXResourcesBuildPhase section */
		ED074395295C9D6300E8F96C /* Resources */ = {
			isa = PBXResourcesBuildPhase;
			buildActionMask = 2147483647;
			files = (
				ED0743A7295C9D6400E8F96C /* LaunchScreen.storyboard in Resources */,
				ED0743A4295C9D6400E8F96C /* Assets.xcassets in Resources */,
			);
			runOnlyForDeploymentPostprocessing = 0;
		};
/* End PBXResourcesBuildPhase section */

/* Begin PBXSourcesBuildPhase section */
		ED074393295C9D6300E8F96C /* Sources */ = {
			isa = PBXSourcesBuildPhase;
			buildActionMask = 2147483647;
			files = (
				ED0743B4295CAFD900E8F96C /* Rocket.swift in Sources */,
				ED07439F295C9D6300E8F96C /* RocketViewController.swift in Sources */,
				ED970A7F29638992001048ED /* PageControlPresenter.swift in Sources */,
				ED0743BF295CC31D00E8F96C /* RocketPresenter.swift in Sources */,
				ED970A8B29643D13001048ED /* RealmRocket.swift in Sources */,
				ED970A77296357B2001048ED /* MainPageViewController.swift in Sources */,
				ED970A842964393D001048ED /* RealmManager.swift in Sources */,
				ED0743BD295CB94400E8F96C /* Router.swift in Sources */,
				ED07439B295C9D6300E8F96C /* AppDelegate.swift in Sources */,
				ED0743BB295CB90B00E8F96C /* Assembly.swift in Sources */,
				ED970A71295E88FB001048ED /* LaunchPresenter.swift in Sources */,
				ED225DD8295E6A3800A53F2E /* NetworkService.swift in Sources */,
				ED970A75295F01CE001048ED /* LaunchViewController.swift in Sources */,
				ED970A73295E892E001048ED /* Launch.swift in Sources */,
				ED225DDA295E6A8700A53F2E /* Links.swift in Sources */,
			);
			runOnlyForDeploymentPostprocessing = 0;
		};
/* End PBXSourcesBuildPhase section */

/* Begin PBXVariantGroup section */
		ED0743A5295C9D6400E8F96C /* LaunchScreen.storyboard */ = {
			isa = PBXVariantGroup;
			children = (
				ED0743A6295C9D6400E8F96C /* Base */,
			);
			name = LaunchScreen.storyboard;
			sourceTree = "<group>";
		};
/* End PBXVariantGroup section */

/* Begin XCBuildConfiguration section */
		ED0743A9295C9D6400E8F96C /* Debug */ = {
			isa = XCBuildConfiguration;
			buildSettings = {
				ALWAYS_SEARCH_USER_PATHS = NO;
				CLANG_ANALYZER_NONNULL = YES;
				CLANG_ANALYZER_NUMBER_OBJECT_CONVERSION = YES_AGGRESSIVE;
				CLANG_CXX_LANGUAGE_STANDARD = "gnu++20";
				CLANG_ENABLE_MODULES = YES;
				CLANG_ENABLE_OBJC_ARC = YES;
				CLANG_ENABLE_OBJC_WEAK = YES;
				CLANG_WARN_BLOCK_CAPTURE_AUTORELEASING = YES;
				CLANG_WARN_BOOL_CONVERSION = YES;
				CLANG_WARN_COMMA = YES;
				CLANG_WARN_CONSTANT_CONVERSION = YES;
				CLANG_WARN_DEPRECATED_OBJC_IMPLEMENTATIONS = YES;
				CLANG_WARN_DIRECT_OBJC_ISA_USAGE = YES_ERROR;
				CLANG_WARN_DOCUMENTATION_COMMENTS = YES;
				CLANG_WARN_EMPTY_BODY = YES;
				CLANG_WARN_ENUM_CONVERSION = YES;
				CLANG_WARN_INFINITE_RECURSION = YES;
				CLANG_WARN_INT_CONVERSION = YES;
				CLANG_WARN_NON_LITERAL_NULL_CONVERSION = YES;
				CLANG_WARN_OBJC_IMPLICIT_RETAIN_SELF = YES;
				CLANG_WARN_OBJC_LITERAL_CONVERSION = YES;
				CLANG_WARN_OBJC_ROOT_CLASS = YES_ERROR;
				CLANG_WARN_QUOTED_INCLUDE_IN_FRAMEWORK_HEADER = YES;
				CLANG_WARN_RANGE_LOOP_ANALYSIS = YES;
				CLANG_WARN_STRICT_PROTOTYPES = YES;
				CLANG_WARN_SUSPICIOUS_MOVE = YES;
				CLANG_WARN_UNGUARDED_AVAILABILITY = YES_AGGRESSIVE;
				CLANG_WARN_UNREACHABLE_CODE = YES;
				CLANG_WARN__DUPLICATE_METHOD_MATCH = YES;
				COPY_PHASE_STRIP = NO;
				DEBUG_INFORMATION_FORMAT = dwarf;
				ENABLE_STRICT_OBJC_MSGSEND = YES;
				ENABLE_TESTABILITY = YES;
				GCC_C_LANGUAGE_STANDARD = gnu11;
				GCC_DYNAMIC_NO_PIC = NO;
				GCC_NO_COMMON_BLOCKS = YES;
				GCC_OPTIMIZATION_LEVEL = 0;
				GCC_PREPROCESSOR_DEFINITIONS = (
					"DEBUG=1",
					"$(inherited)",
				);
				GCC_WARN_64_TO_32_BIT_CONVERSION = YES;
				GCC_WARN_ABOUT_RETURN_TYPE = YES_ERROR;
				GCC_WARN_UNDECLARED_SELECTOR = YES;
				GCC_WARN_UNINITIALIZED_AUTOS = YES_AGGRESSIVE;
				GCC_WARN_UNUSED_FUNCTION = YES;
				GCC_WARN_UNUSED_VARIABLE = YES;
				IPHONEOS_DEPLOYMENT_TARGET = 16.1;
				MTL_ENABLE_DEBUG_INFO = INCLUDE_SOURCE;
				MTL_FAST_MATH = YES;
				ONLY_ACTIVE_ARCH = YES;
				SDKROOT = iphoneos;
				SWIFT_ACTIVE_COMPILATION_CONDITIONS = DEBUG;
				SWIFT_OPTIMIZATION_LEVEL = "-Onone";
			};
			name = Debug;
		};
		ED0743AA295C9D6400E8F96C /* Release */ = {
			isa = XCBuildConfiguration;
			buildSettings = {
				ALWAYS_SEARCH_USER_PATHS = NO;
				CLANG_ANALYZER_NONNULL = YES;
				CLANG_ANALYZER_NUMBER_OBJECT_CONVERSION = YES_AGGRESSIVE;
				CLANG_CXX_LANGUAGE_STANDARD = "gnu++20";
				CLANG_ENABLE_MODULES = YES;
				CLANG_ENABLE_OBJC_ARC = YES;
				CLANG_ENABLE_OBJC_WEAK = YES;
				CLANG_WARN_BLOCK_CAPTURE_AUTORELEASING = YES;
				CLANG_WARN_BOOL_CONVERSION = YES;
				CLANG_WARN_COMMA = YES;
				CLANG_WARN_CONSTANT_CONVERSION = YES;
				CLANG_WARN_DEPRECATED_OBJC_IMPLEMENTATIONS = YES;
				CLANG_WARN_DIRECT_OBJC_ISA_USAGE = YES_ERROR;
				CLANG_WARN_DOCUMENTATION_COMMENTS = YES;
				CLANG_WARN_EMPTY_BODY = YES;
				CLANG_WARN_ENUM_CONVERSION = YES;
				CLANG_WARN_INFINITE_RECURSION = YES;
				CLANG_WARN_INT_CONVERSION = YES;
				CLANG_WARN_NON_LITERAL_NULL_CONVERSION = YES;
				CLANG_WARN_OBJC_IMPLICIT_RETAIN_SELF = YES;
				CLANG_WARN_OBJC_LITERAL_CONVERSION = YES;
				CLANG_WARN_OBJC_ROOT_CLASS = YES_ERROR;
				CLANG_WARN_QUOTED_INCLUDE_IN_FRAMEWORK_HEADER = YES;
				CLANG_WARN_RANGE_LOOP_ANALYSIS = YES;
				CLANG_WARN_STRICT_PROTOTYPES = YES;
				CLANG_WARN_SUSPICIOUS_MOVE = YES;
				CLANG_WARN_UNGUARDED_AVAILABILITY = YES_AGGRESSIVE;
				CLANG_WARN_UNREACHABLE_CODE = YES;
				CLANG_WARN__DUPLICATE_METHOD_MATCH = YES;
				COPY_PHASE_STRIP = NO;
				DEBUG_INFORMATION_FORMAT = "dwarf-with-dsym";
				ENABLE_NS_ASSERTIONS = NO;
				ENABLE_STRICT_OBJC_MSGSEND = YES;
				GCC_C_LANGUAGE_STANDARD = gnu11;
				GCC_NO_COMMON_BLOCKS = YES;
				GCC_WARN_64_TO_32_BIT_CONVERSION = YES;
				GCC_WARN_ABOUT_RETURN_TYPE = YES_ERROR;
				GCC_WARN_UNDECLARED_SELECTOR = YES;
				GCC_WARN_UNINITIALIZED_AUTOS = YES_AGGRESSIVE;
				GCC_WARN_UNUSED_FUNCTION = YES;
				GCC_WARN_UNUSED_VARIABLE = YES;
				IPHONEOS_DEPLOYMENT_TARGET = 16.1;
				MTL_ENABLE_DEBUG_INFO = NO;
				MTL_FAST_MATH = YES;
				SDKROOT = iphoneos;
				SWIFT_COMPILATION_MODE = wholemodule;
				SWIFT_OPTIMIZATION_LEVEL = "-O";
				VALIDATE_PRODUCT = YES;
			};
			name = Release;
		};
		ED0743AC295C9D6400E8F96C /* Debug */ = {
			isa = XCBuildConfiguration;
			buildSettings = {
				ASSETCATALOG_COMPILER_APPICON_NAME = AppIcon;
				ASSETCATALOG_COMPILER_GLOBAL_ACCENT_COLOR_NAME = AccentColor;
				CODE_SIGN_STYLE = Automatic;
				CURRENT_PROJECT_VERSION = 1;
				DEVELOPMENT_TEAM = HDPNMRTNJ6;
				GENERATE_INFOPLIST_FILE = YES;
				INFOPLIST_FILE = Spacera/Resources/Info.plist;
				INFOPLIST_KEY_UIApplicationSupportsIndirectInputEvents = YES;
				INFOPLIST_KEY_UILaunchStoryboardName = LaunchScreen;
				INFOPLIST_KEY_UISupportedInterfaceOrientations_iPad = "UIInterfaceOrientationPortrait UIInterfaceOrientationPortraitUpsideDown UIInterfaceOrientationLandscapeLeft UIInterfaceOrientationLandscapeRight";
				INFOPLIST_KEY_UISupportedInterfaceOrientations_iPhone = "UIInterfaceOrientationPortrait UIInterfaceOrientationLandscapeLeft UIInterfaceOrientationLandscapeRight";
				LD_RUNPATH_SEARCH_PATHS = (
					"$(inherited)",
					"@executable_path/Frameworks",
				);
				MARKETING_VERSION = 1.0;
				PRODUCT_BUNDLE_IDENTIFIER = comArtemBilyi.Spacera;
				PRODUCT_NAME = "$(TARGET_NAME)";
				SWIFT_EMIT_LOC_STRINGS = YES;
				SWIFT_VERSION = 5.0;
				TARGETED_DEVICE_FAMILY = "1,2";
			};
			name = Debug;
		};
		ED0743AD295C9D6400E8F96C /* Release */ = {
			isa = XCBuildConfiguration;
			buildSettings = {
				ASSETCATALOG_COMPILER_APPICON_NAME = AppIcon;
				ASSETCATALOG_COMPILER_GLOBAL_ACCENT_COLOR_NAME = AccentColor;
				CODE_SIGN_STYLE = Automatic;
				CURRENT_PROJECT_VERSION = 1;
				DEVELOPMENT_TEAM = HDPNMRTNJ6;
				GENERATE_INFOPLIST_FILE = YES;
				INFOPLIST_FILE = Spacera/Resources/Info.plist;
				INFOPLIST_KEY_UIApplicationSupportsIndirectInputEvents = YES;
				INFOPLIST_KEY_UILaunchStoryboardName = LaunchScreen;
				INFOPLIST_KEY_UISupportedInterfaceOrientations_iPad = "UIInterfaceOrientationPortrait UIInterfaceOrientationPortraitUpsideDown UIInterfaceOrientationLandscapeLeft UIInterfaceOrientationLandscapeRight";
				INFOPLIST_KEY_UISupportedInterfaceOrientations_iPhone = "UIInterfaceOrientationPortrait UIInterfaceOrientationLandscapeLeft UIInterfaceOrientationLandscapeRight";
				LD_RUNPATH_SEARCH_PATHS = (
					"$(inherited)",
					"@executable_path/Frameworks",
				);
				MARKETING_VERSION = 1.0;
				PRODUCT_BUNDLE_IDENTIFIER = comArtemBilyi.Spacera;
				PRODUCT_NAME = "$(TARGET_NAME)";
				SWIFT_EMIT_LOC_STRINGS = YES;
				SWIFT_VERSION = 5.0;
				TARGETED_DEVICE_FAMILY = "1,2";
			};
			name = Release;
		};
/* End XCBuildConfiguration section */

/* Begin XCConfigurationList section */
		ED074392295C9D6300E8F96C /* Build configuration list for PBXProject "Spacera" */ = {
			isa = XCConfigurationList;
			buildConfigurations = (
				ED0743A9295C9D6400E8F96C /* Debug */,
				ED0743AA295C9D6400E8F96C /* Release */,
			);
			defaultConfigurationIsVisible = 0;
			defaultConfigurationName = Release;
		};
		ED0743AB295C9D6400E8F96C /* Build configuration list for PBXNativeTarget "Spacera" */ = {
			isa = XCConfigurationList;
			buildConfigurations = (
				ED0743AC295C9D6400E8F96C /* Debug */,
				ED0743AD295C9D6400E8F96C /* Release */,
			);
			defaultConfigurationIsVisible = 0;
			defaultConfigurationName = Release;
		};
/* End XCConfigurationList section */

/* Begin XCRemoteSwiftPackageReference section */
		ED970A8529643AC2001048ED /* XCRemoteSwiftPackageReference "realm-swift" */ = {
			isa = XCRemoteSwiftPackageReference;
			repositoryURL = "https://github.com/realm/realm-swift";
			requirement = {
				kind = upToNextMajorVersion;
				minimumVersion = 10.33.0;
			};
		};
/* End XCRemoteSwiftPackageReference section */

/* Begin XCSwiftPackageProductDependency section */
		ED970A8629643AC2001048ED /* Realm */ = {
			isa = XCSwiftPackageProductDependency;
			package = ED970A8529643AC2001048ED /* XCRemoteSwiftPackageReference "realm-swift" */;
			productName = Realm;
		};
		ED970A8829643AC2001048ED /* RealmSwift */ = {
			isa = XCSwiftPackageProductDependency;
			package = ED970A8529643AC2001048ED /* XCRemoteSwiftPackageReference "realm-swift" */;
			productName = RealmSwift;
		};
/* End XCSwiftPackageProductDependency section */
	};
	rootObject = ED07438F295C9D6300E8F96C /* Project object */;
}
